PODS:
  - YandexMobileMetrica/Dynamic (4.5.2):
    - YandexMobileMetrica/Dynamic/Core (= 4.5.2)
    - YandexMobileMetrica/Dynamic/Crashes (= 4.5.2)
  - YandexMobileMetrica/Dynamic/Core (4.5.2)
  - YandexMobileMetrica/Dynamic/Crashes (4.5.2):
    - YandexMobileMetrica/Dynamic/Core

DEPENDENCIES:
  - YandexMobileMetrica/Dynamic (= 4.5.2)

SPEC REPOS:
  trunk:
    - YandexMobileMetrica

SPEC CHECKSUMS:
  YandexMobileMetrica: f5368ee93f286c793d73b58da00929babfc897c1

PODFILE CHECKSUM: 4be048e0ffef7049043ffd54f2a0559d7ec03d13

COCOAPODS: 1.14.3
