// !$*UTF8*$!
{
	archiveVersion = 1;
	classes = {
	};
	objectVersion = 56;
	objects = {

/* Begin PBXBuildFile section */
		E90010022B03E97500451C61 /* TrackerStoreUpdate.swift in Sources */ = {isa = PBXBuildFile; fileRef = E90010012B03E97500451C61 /* TrackerStoreUpdate.swift */; };
		E90010042B03F0E700451C61 /* UICollectionView+Extensions.swift in Sources */ = {isa = PBXBuildFile; fileRef = E90010032B03F0E700451C61 /* UICollectionView+Extensions.swift */; };
		E90BE6462B08B1CF001ADB6A /* OnboardingViewController.swift in Sources */ = {isa = PBXBuildFile; fileRef = E90BE6452B08B1CF001ADB6A /* OnboardingViewController.swift */; };
		E9262DCA2B0A00F900EE491F /* CategoryCell.swift in Sources */ = {isa = PBXBuildFile; fileRef = E9262DC92B0A00F900EE491F /* CategoryCell.swift */; };
		E9262DCC2B0A216A00EE491F /* CategoryViewController.swift in Sources */ = {isa = PBXBuildFile; fileRef = E9262DCB2B0A216A00EE491F /* CategoryViewController.swift */; };
		E9262DCE2B0A26A700EE491F /* CategoryCellViewModel.swift in Sources */ = {isa = PBXBuildFile; fileRef = E9262DCD2B0A26A700EE491F /* CategoryCellViewModel.swift */; };
		E9262DD02B0D23C900EE491F /* CreateCategoryViewController.swift in Sources */ = {isa = PBXBuildFile; fileRef = E9262DCF2B0D23C800EE491F /* CreateCategoryViewController.swift */; };
		E9262DD22B0D44EF00EE491F /* CategoryViewModel.swift in Sources */ = {isa = PBXBuildFile; fileRef = E9262DD12B0D44EF00EE491F /* CategoryViewModel.swift */; };
		E93C3FE72ADEA05C00579917 /* TextField+Extensions.swift in Sources */ = {isa = PBXBuildFile; fileRef = E93C3FE62ADEA05C00579917 /* TextField+Extensions.swift */; };
		E93C3FEB2ADF007C00579917 /* ScheduleViewController.swift in Sources */ = {isa = PBXBuildFile; fileRef = E93C3FEA2ADF007C00579917 /* ScheduleViewController.swift */; };
		E93C3FED2ADFD27300579917 /* BorderView.swift in Sources */ = {isa = PBXBuildFile; fileRef = E93C3FEC2ADFD27300579917 /* BorderView.swift */; };
		E9434AA82AD2B3A500EF821F /* UIColor+Extensions.swift in Sources */ = {isa = PBXBuildFile; fileRef = E9434AA72AD2B3A500EF821F /* UIColor+Extensions.swift */; };
		E9434AAB2AD2BB9A00EF821F /* TrackerCell.swift in Sources */ = {isa = PBXBuildFile; fileRef = E9434AAA2AD2BB9A00EF821F /* TrackerCell.swift */; };
		E9434AAE2AD2C3F300EF821F /* Resources.swift in Sources */ = {isa = PBXBuildFile; fileRef = E9434AAD2AD2C3F300EF821F /* Resources.swift */; };
		E9434AB02AD50E0100EF821F /* Tracker.swift in Sources */ = {isa = PBXBuildFile; fileRef = E9434AAF2AD50E0100EF821F /* Tracker.swift */; };
		E9434AB22AD51FDC00EF821F /* StatisticViewController.swift in Sources */ = {isa = PBXBuildFile; fileRef = E9434AB12AD51FDC00EF821F /* StatisticViewController.swift */; };
		E9434AB62AD520FB00EF821F /* TabBarViewController.swift in Sources */ = {isa = PBXBuildFile; fileRef = E9434AB52AD520FB00EF821F /* TabBarViewController.swift */; };
		E9434ABB2AD5EAAE00EF821F /* EmptyView.swift in Sources */ = {isa = PBXBuildFile; fileRef = E9434ABA2AD5EAAE00EF821F /* EmptyView.swift */; };
		E9434ABD2AD6749600EF821F /* NewTrackerViewController.swift in Sources */ = {isa = PBXBuildFile; fileRef = E9434ABC2AD6749600EF821F /* NewTrackerViewController.swift */; };
		E9434ABF2AD91AEA00EF821F /* ActionButton.swift in Sources */ = {isa = PBXBuildFile; fileRef = E9434ABE2AD91AEA00EF821F /* ActionButton.swift */; };
		E9434AC12ADA063F00EF821F /* CreateTrackerViewController.swift in Sources */ = {isa = PBXBuildFile; fileRef = E9434AC02ADA063E00EF821F /* CreateTrackerViewController.swift */; };
		E94A17652AEAA37100EEDB1A /* Date+Extensions.swift in Sources */ = {isa = PBXBuildFile; fileRef = E94A17642AEAA37100EEDB1A /* Date+Extensions.swift */; };
		E9718F152AD19E9400853947 /* AppDelegate.swift in Sources */ = {isa = PBXBuildFile; fileRef = E9718F142AD19E9400853947 /* AppDelegate.swift */; };
		E9718F172AD19E9400853947 /* SceneDelegate.swift in Sources */ = {isa = PBXBuildFile; fileRef = E9718F162AD19E9400853947 /* SceneDelegate.swift */; };
		E9718F192AD19E9400853947 /* TrackersViewController.swift in Sources */ = {isa = PBXBuildFile; fileRef = E9718F182AD19E9400853947 /* TrackersViewController.swift */; };
		E9718F1E2AD19E9600853947 /* Assets.xcassets in Resources */ = {isa = PBXBuildFile; fileRef = E9718F1D2AD19E9600853947 /* Assets.xcassets */; };
		E97842A72AF18A7D00FD305C /* UIViewController+Extensions.swift in Sources */ = {isa = PBXBuildFile; fileRef = E97842A62AF18A7D00FD305C /* UIViewController+Extensions.swift */; };
		E9804D3E2AF4C20A004E05D7 /* Tracker.xcdatamodeld in Sources */ = {isa = PBXBuildFile; fileRef = E9804D3C2AF4C20A004E05D7 /* Tracker.xcdatamodeld */; };
		E9804D402AF69214004E05D7 /* TrackersCoreDataFactory.swift in Sources */ = {isa = PBXBuildFile; fileRef = E9804D3F2AF69214004E05D7 /* TrackersCoreDataFactory.swift */; };
		E9804D422AF6CD4D004E05D7 /* TrackerStore.swift in Sources */ = {isa = PBXBuildFile; fileRef = E9804D412AF6CD4D004E05D7 /* TrackerStore.swift */; };
		E9804D442AF6CD82004E05D7 /* TrackerCategoryStore.swift in Sources */ = {isa = PBXBuildFile; fileRef = E9804D432AF6CD82004E05D7 /* TrackerCategoryStore.swift */; };
		E9804D462AF6CDA9004E05D7 /* TrackerRecordStore.swift in Sources */ = {isa = PBXBuildFile; fileRef = E9804D452AF6CDA9004E05D7 /* TrackerRecordStore.swift */; };
		E9804D4A2AFB9F57004E05D7 /* EmojiCell.swift in Sources */ = {isa = PBXBuildFile; fileRef = E9804D492AFB9F57004E05D7 /* EmojiCell.swift */; };
		E9908BA22AFBDEFC00C82DF4 /* OptionCellHeader.swift in Sources */ = {isa = PBXBuildFile; fileRef = E9908BA12AFBDEFC00C82DF4 /* OptionCellHeader.swift */; };
		E9908BA42AFC122300C82DF4 /* ColorCell.swift in Sources */ = {isa = PBXBuildFile; fileRef = E9908BA32AFC122300C82DF4 /* ColorCell.swift */; };
		E9A654762AE7CC6C00C692EE /* TrackerHeader.swift in Sources */ = {isa = PBXBuildFile; fileRef = E9A654752AE7CC6C00C692EE /* TrackerHeader.swift */; };
		E9E899D02ADB1CC5003D464E /* OptionButton.swift in Sources */ = {isa = PBXBuildFile; fileRef = E9E899CF2ADB1CC5003D464E /* OptionButton.swift */; };
/* End PBXBuildFile section */

/* Begin PBXFileReference section */
		E90010012B03E97500451C61 /* TrackerStoreUpdate.swift */ = {isa = PBXFileReference; lastKnownFileType = sourcecode.swift; path = TrackerStoreUpdate.swift; sourceTree = "<group>"; };
		E90010032B03F0E700451C61 /* UICollectionView+Extensions.swift */ = {isa = PBXFileReference; lastKnownFileType = sourcecode.swift; path = "UICollectionView+Extensions.swift"; sourceTree = "<group>"; };
		E90BE6452B08B1CF001ADB6A /* OnboardingViewController.swift */ = {isa = PBXFileReference; lastKnownFileType = sourcecode.swift; path = OnboardingViewController.swift; sourceTree = "<group>"; };
		E9262DC92B0A00F900EE491F /* CategoryCell.swift */ = {isa = PBXFileReference; lastKnownFileType = sourcecode.swift; path = CategoryCell.swift; sourceTree = "<group>"; };
		E9262DCB2B0A216A00EE491F /* CategoryViewController.swift */ = {isa = PBXFileReference; lastKnownFileType = sourcecode.swift; path = CategoryViewController.swift; sourceTree = "<group>"; };
		E9262DCD2B0A26A700EE491F /* CategoryCellViewModel.swift */ = {isa = PBXFileReference; lastKnownFileType = sourcecode.swift; path = CategoryCellViewModel.swift; sourceTree = "<group>"; };
		E9262DCF2B0D23C800EE491F /* CreateCategoryViewController.swift */ = {isa = PBXFileReference; lastKnownFileType = sourcecode.swift; path = CreateCategoryViewController.swift; sourceTree = "<group>"; };
		E9262DD12B0D44EF00EE491F /* CategoryViewModel.swift */ = {isa = PBXFileReference; lastKnownFileType = sourcecode.swift; path = CategoryViewModel.swift; sourceTree = "<group>"; };
		E93C3FE62ADEA05C00579917 /* TextField+Extensions.swift */ = {isa = PBXFileReference; lastKnownFileType = sourcecode.swift; path = "TextField+Extensions.swift"; sourceTree = "<group>"; };
		E93C3FEA2ADF007C00579917 /* ScheduleViewController.swift */ = {isa = PBXFileReference; lastKnownFileType = sourcecode.swift; path = ScheduleViewController.swift; sourceTree = "<group>"; };
		E93C3FEC2ADFD27300579917 /* BorderView.swift */ = {isa = PBXFileReference; lastKnownFileType = sourcecode.swift; path = BorderView.swift; sourceTree = "<group>"; };
		E9434AA72AD2B3A500EF821F /* UIColor+Extensions.swift */ = {isa = PBXFileReference; lastKnownFileType = sourcecode.swift; path = "UIColor+Extensions.swift"; sourceTree = "<group>"; };
		E9434AAA2AD2BB9A00EF821F /* TrackerCell.swift */ = {isa = PBXFileReference; lastKnownFileType = sourcecode.swift; path = TrackerCell.swift; sourceTree = "<group>"; };
		E9434AAD2AD2C3F300EF821F /* Resources.swift */ = {isa = PBXFileReference; lastKnownFileType = sourcecode.swift; path = Resources.swift; sourceTree = "<group>"; };
		E9434AAF2AD50E0100EF821F /* Tracker.swift */ = {isa = PBXFileReference; lastKnownFileType = sourcecode.swift; path = Tracker.swift; sourceTree = "<group>"; };
		E9434AB12AD51FDC00EF821F /* StatisticViewController.swift */ = {isa = PBXFileReference; lastKnownFileType = sourcecode.swift; path = StatisticViewController.swift; sourceTree = "<group>"; };
		E9434AB52AD520FB00EF821F /* TabBarViewController.swift */ = {isa = PBXFileReference; lastKnownFileType = sourcecode.swift; path = TabBarViewController.swift; sourceTree = "<group>"; };
		E9434ABA2AD5EAAE00EF821F /* EmptyView.swift */ = {isa = PBXFileReference; lastKnownFileType = sourcecode.swift; path = EmptyView.swift; sourceTree = "<group>"; };
		E9434ABC2AD6749600EF821F /* NewTrackerViewController.swift */ = {isa = PBXFileReference; lastKnownFileType = sourcecode.swift; path = NewTrackerViewController.swift; sourceTree = "<group>"; };
		E9434ABE2AD91AEA00EF821F /* ActionButton.swift */ = {isa = PBXFileReference; lastKnownFileType = sourcecode.swift; path = ActionButton.swift; sourceTree = "<group>"; };
		E9434AC02ADA063E00EF821F /* CreateTrackerViewController.swift */ = {isa = PBXFileReference; lastKnownFileType = sourcecode.swift; path = CreateTrackerViewController.swift; sourceTree = "<group>"; };
		E94A17642AEAA37100EEDB1A /* Date+Extensions.swift */ = {isa = PBXFileReference; lastKnownFileType = sourcecode.swift; path = "Date+Extensions.swift"; sourceTree = "<group>"; };
		E9718F112AD19E9400853947 /* Tracker-ios.app */ = {isa = PBXFileReference; explicitFileType = wrapper.application; includeInIndex = 0; path = "Tracker-ios.app"; sourceTree = BUILT_PRODUCTS_DIR; };
		E9718F142AD19E9400853947 /* AppDelegate.swift */ = {isa = PBXFileReference; lastKnownFileType = sourcecode.swift; path = AppDelegate.swift; sourceTree = "<group>"; };
		E9718F162AD19E9400853947 /* SceneDelegate.swift */ = {isa = PBXFileReference; lastKnownFileType = sourcecode.swift; path = SceneDelegate.swift; sourceTree = "<group>"; };
		E9718F182AD19E9400853947 /* TrackersViewController.swift */ = {isa = PBXFileReference; lastKnownFileType = sourcecode.swift; path = TrackersViewController.swift; sourceTree = "<group>"; };
		E9718F1D2AD19E9600853947 /* Assets.xcassets */ = {isa = PBXFileReference; lastKnownFileType = folder.assetcatalog; path = Assets.xcassets; sourceTree = "<group>"; };
		E9718F222AD19E9700853947 /* Info.plist */ = {isa = PBXFileReference; lastKnownFileType = text.plist.xml; path = Info.plist; sourceTree = "<group>"; };
		E97842A62AF18A7D00FD305C /* UIViewController+Extensions.swift */ = {isa = PBXFileReference; lastKnownFileType = sourcecode.swift; path = "UIViewController+Extensions.swift"; sourceTree = "<group>"; };
		E9804D3D2AF4C20A004E05D7 /* Tracker.xcdatamodel */ = {isa = PBXFileReference; lastKnownFileType = wrapper.xcdatamodel; path = Tracker.xcdatamodel; sourceTree = "<group>"; };
		E9804D3F2AF69214004E05D7 /* TrackersCoreDataFactory.swift */ = {isa = PBXFileReference; lastKnownFileType = sourcecode.swift; path = TrackersCoreDataFactory.swift; sourceTree = "<group>"; };
		E9804D412AF6CD4D004E05D7 /* TrackerStore.swift */ = {isa = PBXFileReference; lastKnownFileType = sourcecode.swift; path = TrackerStore.swift; sourceTree = "<group>"; };
		E9804D432AF6CD82004E05D7 /* TrackerCategoryStore.swift */ = {isa = PBXFileReference; lastKnownFileType = sourcecode.swift; path = TrackerCategoryStore.swift; sourceTree = "<group>"; };
		E9804D452AF6CDA9004E05D7 /* TrackerRecordStore.swift */ = {isa = PBXFileReference; lastKnownFileType = sourcecode.swift; path = TrackerRecordStore.swift; sourceTree = "<group>"; };
		E9804D492AFB9F57004E05D7 /* EmojiCell.swift */ = {isa = PBXFileReference; lastKnownFileType = sourcecode.swift; path = EmojiCell.swift; sourceTree = "<group>"; };
		E9908BA12AFBDEFC00C82DF4 /* OptionCellHeader.swift */ = {isa = PBXFileReference; lastKnownFileType = sourcecode.swift; path = OptionCellHeader.swift; sourceTree = "<group>"; };
		E9908BA32AFC122300C82DF4 /* ColorCell.swift */ = {isa = PBXFileReference; lastKnownFileType = sourcecode.swift; path = ColorCell.swift; sourceTree = "<group>"; };
		E9A654752AE7CC6C00C692EE /* TrackerHeader.swift */ = {isa = PBXFileReference; lastKnownFileType = sourcecode.swift; path = TrackerHeader.swift; sourceTree = "<group>"; };
		E9E899CF2ADB1CC5003D464E /* OptionButton.swift */ = {isa = PBXFileReference; lastKnownFileType = sourcecode.swift; path = OptionButton.swift; sourceTree = "<group>"; };
/* End PBXFileReference section */

/* Begin PBXFrameworksBuildPhase section */
		E9718F0E2AD19E9400853947 /* Frameworks */ = {
			isa = PBXFrameworksBuildPhase;
			buildActionMask = 2147483647;
			files = (
			);
			runOnlyForDeploymentPostprocessing = 0;
		};
/* End PBXFrameworksBuildPhase section */

/* Begin PBXGroup section */
		E9434AA32AD1A0D300EF821F /* Application */ = {
			isa = PBXGroup;
			children = (
				E9718F142AD19E9400853947 /* AppDelegate.swift */,
				E9718F162AD19E9400853947 /* SceneDelegate.swift */,
			);
			path = Application;
			sourceTree = "<group>";
		};
		E9434AA42AD1A12000EF821F /* ViewControllers */ = {
			isa = PBXGroup;
			children = (
				E90BE6452B08B1CF001ADB6A /* OnboardingViewController.swift */,
				E9434AB52AD520FB00EF821F /* TabBarViewController.swift */,
				E9718F182AD19E9400853947 /* TrackersViewController.swift */,
				E9434AB12AD51FDC00EF821F /* StatisticViewController.swift */,
				E9434ABC2AD6749600EF821F /* NewTrackerViewController.swift */,
				E9434AC02ADA063E00EF821F /* CreateTrackerViewController.swift */,
				E93C3FEA2ADF007C00579917 /* ScheduleViewController.swift */,
				E9262DCB2B0A216A00EE491F /* CategoryViewController.swift */,
				E9262DCF2B0D23C800EE491F /* CreateCategoryViewController.swift */,
			);
			path = ViewControllers;
			sourceTree = "<group>";
		};
		E9434AA52AD1A1CC00EF821F /* Resources */ = {
			isa = PBXGroup;
			children = (
				E9434AAD2AD2C3F300EF821F /* Resources.swift */,
				E9718F1D2AD19E9600853947 /* Assets.xcassets */,
				E9718F222AD19E9700853947 /* Info.plist */,
			);
			path = Resources;
			sourceTree = "<group>";
		};
		E9434AA92AD2B3AA00EF821F /* Extensions */ = {
			isa = PBXGroup;
			children = (
				E9434AA72AD2B3A500EF821F /* UIColor+Extensions.swift */,
				E93C3FE62ADEA05C00579917 /* TextField+Extensions.swift */,
				E94A17642AEAA37100EEDB1A /* Date+Extensions.swift */,
				E97842A62AF18A7D00FD305C /* UIViewController+Extensions.swift */,
				E90010032B03F0E700451C61 /* UICollectionView+Extensions.swift */,
			);
			path = Extensions;
			sourceTree = "<group>";
		};
		E9434AAC2AD2BBA000EF821F /* Views */ = {
			isa = PBXGroup;
			children = (
				E9A654752AE7CC6C00C692EE /* TrackerHeader.swift */,
				E9434AAA2AD2BB9A00EF821F /* TrackerCell.swift */,
				E9434ABA2AD5EAAE00EF821F /* EmptyView.swift */,
				E9434ABE2AD91AEA00EF821F /* ActionButton.swift */,
				E9E899CF2ADB1CC5003D464E /* OptionButton.swift */,
				E93C3FEC2ADFD27300579917 /* BorderView.swift */,
				E9804D492AFB9F57004E05D7 /* EmojiCell.swift */,
				E9908BA12AFBDEFC00C82DF4 /* OptionCellHeader.swift */,
				E9908BA32AFC122300C82DF4 /* ColorCell.swift */,
				E9262DC92B0A00F900EE491F /* CategoryCell.swift */,
			);
			path = Views;
			sourceTree = "<group>";
		};
		E9434AB72AD5E61E00EF821F /* Models */ = {
			isa = PBXGroup;
			children = (
				E9434AAF2AD50E0100EF821F /* Tracker.swift */,
				E90010012B03E97500451C61 /* TrackerStoreUpdate.swift */,
				E9262DCD2B0A26A700EE491F /* CategoryCellViewModel.swift */,
				E9262DD12B0D44EF00EE491F /* CategoryViewModel.swift */,
			);
			path = Models;
			sourceTree = "<group>";
		};
		E9718F082AD19E9400853947 = {
			isa = PBXGroup;
			children = (
				E9718F132AD19E9400853947 /* Tracker-ios */,
				E9718F122AD19E9400853947 /* Products */,
			);
			sourceTree = "<group>";
		};
		E9718F122AD19E9400853947 /* Products */ = {
			isa = PBXGroup;
			children = (
				E9718F112AD19E9400853947 /* Tracker-ios.app */,
			);
			name = Products;
			sourceTree = "<group>";
		};
		E9718F132AD19E9400853947 /* Tracker-ios */ = {
			isa = PBXGroup;
			children = (
				E9804D3B2AF4C1E9004E05D7 /* CoreData */,
				E9434AA32AD1A0D300EF821F /* Application */,
				E9434AB72AD5E61E00EF821F /* Models */,
				E9434AAC2AD2BBA000EF821F /* Views */,
				E99AEB352AE17AB100A72F4F /* Services */,
				E9434AA42AD1A12000EF821F /* ViewControllers */,
				E9434AA52AD1A1CC00EF821F /* Resources */,
				E9434AA92AD2B3AA00EF821F /* Extensions */,
			);
			path = "Tracker-ios";
			sourceTree = "<group>";
		};
		E9804D3B2AF4C1E9004E05D7 /* CoreData */ = {
			isa = PBXGroup;
			children = (
				E9804D3C2AF4C20A004E05D7 /* Tracker.xcdatamodeld */,
			);
			path = CoreData;
			sourceTree = "<group>";
		};
		E99AEB352AE17AB100A72F4F /* Services */ = {
			isa = PBXGroup;
			children = (
				E9804D3F2AF69214004E05D7 /* TrackersCoreDataFactory.swift */,
				E9804D412AF6CD4D004E05D7 /* TrackerStore.swift */,
				E9804D432AF6CD82004E05D7 /* TrackerCategoryStore.swift */,
				E9804D452AF6CDA9004E05D7 /* TrackerRecordStore.swift */,
			);
			path = Services;
			sourceTree = "<group>";
		};
/* End PBXGroup section */

/* Begin PBXNativeTarget section */
		E9718F102AD19E9400853947 /* Tracker-ios */ = {
			isa = PBXNativeTarget;
			buildConfigurationList = E9718F252AD19E9700853947 /* Build configuration list for PBXNativeTarget "Tracker-ios" */;
			buildPhases = (
				E9718F0D2AD19E9400853947 /* Sources */,
				E9718F0E2AD19E9400853947 /* Frameworks */,
				E9718F0F2AD19E9400853947 /* Resources */,
				E9434AA62AD2B2B400EF821F /* ShellScript */,
			);
			buildRules = (
			);
			dependencies = (
			);
			name = "Tracker-ios";
			productName = "Tracker-ios";
			productReference = E9718F112AD19E9400853947 /* Tracker-ios.app */;
			productType = "com.apple.product-type.application";
		};
/* End PBXNativeTarget section */

/* Begin PBXProject section */
		E9718F092AD19E9400853947 /* Project object */ = {
			isa = PBXProject;
			attributes = {
				BuildIndependentTargetsInParallel = 1;
				LastSwiftUpdateCheck = 1500;
				LastUpgradeCheck = 1500;
				TargetAttributes = {
					E9718F102AD19E9400853947 = {
						CreatedOnToolsVersion = 15.0;
					};
				};
			};
			buildConfigurationList = E9718F0C2AD19E9400853947 /* Build configuration list for PBXProject "Tracker-ios" */;
			compatibilityVersion = "Xcode 14.0";
			developmentRegion = en;
			hasScannedForEncodings = 0;
			knownRegions = (
				en,
				Base,
			);
			mainGroup = E9718F082AD19E9400853947;
			productRefGroup = E9718F122AD19E9400853947 /* Products */;
			projectDirPath = "";
			projectRoot = "";
			targets = (
				E9718F102AD19E9400853947 /* Tracker-ios */,
			);
		};
/* End PBXProject section */

/* Begin PBXResourcesBuildPhase section */
		E9718F0F2AD19E9400853947 /* Resources */ = {
			isa = PBXResourcesBuildPhase;
			buildActionMask = 2147483647;
			files = (
				E9718F1E2AD19E9600853947 /* Assets.xcassets in Resources */,
			);
			runOnlyForDeploymentPostprocessing = 0;
		};
/* End PBXResourcesBuildPhase section */

/* Begin PBXShellScriptBuildPhase section */
		E9434AA62AD2B2B400EF821F /* ShellScript */ = {
			isa = PBXShellScriptBuildPhase;
			alwaysOutOfDate = 1;
			buildActionMask = 2147483647;
			files = (
			);
			inputFileListPaths = (
			);
			inputPaths = (
			);
			outputFileListPaths = (
			);
			outputPaths = (
			);
			runOnlyForDeploymentPostprocessing = 0;
			shellPath = /bin/sh;
			shellScript = "export PATH=\"$PATH:/opt/homebrew/bin\"\nif [ -f ~/com.raywenderlich.swiftlint.yml ]; then\n  if which swiftlint >/dev/null; then\n    swiftlint --no-cache --config ~/com.raywenderlich.swiftlint.yml\n  fi\nfi\n";
		};
/* End PBXShellScriptBuildPhase section */

/* Begin PBXSourcesBuildPhase section */
		E9718F0D2AD19E9400853947 /* Sources */ = {
			isa = PBXSourcesBuildPhase;
			buildActionMask = 2147483647;
			files = (
				E90010022B03E97500451C61 /* TrackerStoreUpdate.swift in Sources */,
				E9262DCC2B0A216A00EE491F /* CategoryViewController.swift in Sources */,
				E94A17652AEAA37100EEDB1A /* Date+Extensions.swift in Sources */,
				E9262DCE2B0A26A700EE491F /* CategoryCellViewModel.swift in Sources */,
				E9804D402AF69214004E05D7 /* TrackersCoreDataFactory.swift in Sources */,
				E9262DD02B0D23C900EE491F /* CreateCategoryViewController.swift in Sources */,
				E9434ABB2AD5EAAE00EF821F /* EmptyView.swift in Sources */,
				E9E899D02ADB1CC5003D464E /* OptionButton.swift in Sources */,
				E90010042B03F0E700451C61 /* UICollectionView+Extensions.swift in Sources */,
				E93C3FEB2ADF007C00579917 /* ScheduleViewController.swift in Sources */,
				E9434AAB2AD2BB9A00EF821F /* TrackerCell.swift in Sources */,
				E97842A72AF18A7D00FD305C /* UIViewController+Extensions.swift in Sources */,
				E9804D442AF6CD82004E05D7 /* TrackerCategoryStore.swift in Sources */,
				E9718F192AD19E9400853947 /* TrackersViewController.swift in Sources */,
				E9718F152AD19E9400853947 /* AppDelegate.swift in Sources */,
				E93C3FED2ADFD27300579917 /* BorderView.swift in Sources */,
				E9718F172AD19E9400853947 /* SceneDelegate.swift in Sources */,
				E9434ABF2AD91AEA00EF821F /* ActionButton.swift in Sources */,
				E9804D422AF6CD4D004E05D7 /* TrackerStore.swift in Sources */,
				E9434AA82AD2B3A500EF821F /* UIColor+Extensions.swift in Sources */,
				E9434AAE2AD2C3F300EF821F /* Resources.swift in Sources */,
				E93C3FE72ADEA05C00579917 /* TextField+Extensions.swift in Sources */,
				E9434ABD2AD6749600EF821F /* NewTrackerViewController.swift in Sources */,
				E9434AB02AD50E0100EF821F /* Tracker.swift in Sources */,
				E9804D3E2AF4C20A004E05D7 /* Tracker.xcdatamodeld in Sources */,
				E9262DD22B0D44EF00EE491F /* CategoryViewModel.swift in Sources */,
				E9804D462AF6CDA9004E05D7 /* TrackerRecordStore.swift in Sources */,
				E9908BA22AFBDEFC00C82DF4 /* OptionCellHeader.swift in Sources */,
				E9434AB62AD520FB00EF821F /* TabBarViewController.swift in Sources */,
				E9434AB22AD51FDC00EF821F /* StatisticViewController.swift in Sources */,
				E90BE6462B08B1CF001ADB6A /* OnboardingViewController.swift in Sources */,
				E9908BA42AFC122300C82DF4 /* ColorCell.swift in Sources */,
				E9804D4A2AFB9F57004E05D7 /* EmojiCell.swift in Sources */,
				E9434AC12ADA063F00EF821F /* CreateTrackerViewController.swift in Sources */,
				E9A654762AE7CC6C00C692EE /* TrackerHeader.swift in Sources */,
				E9262DCA2B0A00F900EE491F /* CategoryCell.swift in Sources */,
			);
			runOnlyForDeploymentPostprocessing = 0;
		};
/* End PBXSourcesBuildPhase section */

/* Begin XCBuildConfiguration section */
		E9718F232AD19E9700853947 /* Debug */ = {
			isa = XCBuildConfiguration;
			buildSettings = {
				ALWAYS_SEARCH_USER_PATHS = NO;
				ASSETCATALOG_COMPILER_GENERATE_SWIFT_ASSET_SYMBOL_EXTENSIONS = YES;
				CLANG_ANALYZER_NONNULL = YES;
				CLANG_ANALYZER_NUMBER_OBJECT_CONVERSION = YES_AGGRESSIVE;
				CLANG_CXX_LANGUAGE_STANDARD = "gnu++20";
				CLANG_ENABLE_MODULES = YES;
				CLANG_ENABLE_OBJC_ARC = YES;
				CLANG_ENABLE_OBJC_WEAK = YES;
				CLANG_WARN_BLOCK_CAPTURE_AUTORELEASING = YES;
				CLANG_WARN_BOOL_CONVERSION = YES;
				CLANG_WARN_COMMA = YES;
				CLANG_WARN_CONSTANT_CONVERSION = YES;
				CLANG_WARN_DEPRECATED_OBJC_IMPLEMENTATIONS = YES;
				CLANG_WARN_DIRECT_OBJC_ISA_USAGE = YES_ERROR;
				CLANG_WARN_DOCUMENTATION_COMMENTS = YES;
				CLANG_WARN_EMPTY_BODY = YES;
				CLANG_WARN_ENUM_CONVERSION = YES;
				CLANG_WARN_INFINITE_RECURSION = YES;
				CLANG_WARN_INT_CONVERSION = YES;
				CLANG_WARN_NON_LITERAL_NULL_CONVERSION = YES;
				CLANG_WARN_OBJC_IMPLICIT_RETAIN_SELF = YES;
				CLANG_WARN_OBJC_LITERAL_CONVERSION = YES;
				CLANG_WARN_OBJC_ROOT_CLASS = YES_ERROR;
				CLANG_WARN_QUOTED_INCLUDE_IN_FRAMEWORK_HEADER = YES;
				CLANG_WARN_RANGE_LOOP_ANALYSIS = YES;
				CLANG_WARN_STRICT_PROTOTYPES = YES;
				CLANG_WARN_SUSPICIOUS_MOVE = YES;
				CLANG_WARN_UNGUARDED_AVAILABILITY = YES_AGGRESSIVE;
				CLANG_WARN_UNREACHABLE_CODE = YES;
				CLANG_WARN__DUPLICATE_METHOD_MATCH = YES;
				COPY_PHASE_STRIP = NO;
				DEBUG_INFORMATION_FORMAT = dwarf;
				ENABLE_STRICT_OBJC_MSGSEND = YES;
				ENABLE_TESTABILITY = YES;
				ENABLE_USER_SCRIPT_SANDBOXING = YES;
				GCC_C_LANGUAGE_STANDARD = gnu17;
				GCC_DYNAMIC_NO_PIC = NO;
				GCC_NO_COMMON_BLOCKS = YES;
				GCC_OPTIMIZATION_LEVEL = 0;
				GCC_PREPROCESSOR_DEFINITIONS = (
					"DEBUG=1",
					"$(inherited)",
				);
				GCC_WARN_64_TO_32_BIT_CONVERSION = YES;
				GCC_WARN_ABOUT_RETURN_TYPE = YES_ERROR;
				GCC_WARN_UNDECLARED_SELECTOR = YES;
				GCC_WARN_UNINITIALIZED_AUTOS = YES_AGGRESSIVE;
				GCC_WARN_UNUSED_FUNCTION = YES;
				GCC_WARN_UNUSED_VARIABLE = YES;
				IPHONEOS_DEPLOYMENT_TARGET = 13.4;
				LOCALIZATION_PREFERS_STRING_CATALOGS = YES;
				MTL_ENABLE_DEBUG_INFO = INCLUDE_SOURCE;
				MTL_FAST_MATH = YES;
				ONLY_ACTIVE_ARCH = YES;
				SDKROOT = iphoneos;
				SWIFT_ACTIVE_COMPILATION_CONDITIONS = "DEBUG $(inherited)";
				SWIFT_OPTIMIZATION_LEVEL = "-Onone";
			};
			name = Debug;
		};
		E9718F242AD19E9700853947 /* Release */ = {
			isa = XCBuildConfiguration;
			buildSettings = {
				ALWAYS_SEARCH_USER_PATHS = NO;
				ASSETCATALOG_COMPILER_GENERATE_SWIFT_ASSET_SYMBOL_EXTENSIONS = YES;
				CLANG_ANALYZER_NONNULL = YES;
				CLANG_ANALYZER_NUMBER_OBJECT_CONVERSION = YES_AGGRESSIVE;
				CLANG_CXX_LANGUAGE_STANDARD = "gnu++20";
				CLANG_ENABLE_MODULES = YES;
				CLANG_ENABLE_OBJC_ARC = YES;
				CLANG_ENABLE_OBJC_WEAK = YES;
				CLANG_WARN_BLOCK_CAPTURE_AUTORELEASING = YES;
				CLANG_WARN_BOOL_CONVERSION = YES;
				CLANG_WARN_COMMA = YES;
				CLANG_WARN_CONSTANT_CONVERSION = YES;
				CLANG_WARN_DEPRECATED_OBJC_IMPLEMENTATIONS = YES;
				CLANG_WARN_DIRECT_OBJC_ISA_USAGE = YES_ERROR;
				CLANG_WARN_DOCUMENTATION_COMMENTS = YES;
				CLANG_WARN_EMPTY_BODY = YES;
				CLANG_WARN_ENUM_CONVERSION = YES;
				CLANG_WARN_INFINITE_RECURSION = YES;
				CLANG_WARN_INT_CONVERSION = YES;
				CLANG_WARN_NON_LITERAL_NULL_CONVERSION = YES;
				CLANG_WARN_OBJC_IMPLICIT_RETAIN_SELF = YES;
				CLANG_WARN_OBJC_LITERAL_CONVERSION = YES;
				CLANG_WARN_OBJC_ROOT_CLASS = YES_ERROR;
				CLANG_WARN_QUOTED_INCLUDE_IN_FRAMEWORK_HEADER = YES;
				CLANG_WARN_RANGE_LOOP_ANALYSIS = YES;
				CLANG_WARN_STRICT_PROTOTYPES = YES;
				CLANG_WARN_SUSPICIOUS_MOVE = YES;
				CLANG_WARN_UNGUARDED_AVAILABILITY = YES_AGGRESSIVE;
				CLANG_WARN_UNREACHABLE_CODE = YES;
				CLANG_WARN__DUPLICATE_METHOD_MATCH = YES;
				COPY_PHASE_STRIP = NO;
				DEBUG_INFORMATION_FORMAT = "dwarf-with-dsym";
				ENABLE_NS_ASSERTIONS = NO;
				ENABLE_STRICT_OBJC_MSGSEND = YES;
				ENABLE_USER_SCRIPT_SANDBOXING = YES;
				GCC_C_LANGUAGE_STANDARD = gnu17;
				GCC_NO_COMMON_BLOCKS = YES;
				GCC_WARN_64_TO_32_BIT_CONVERSION = YES;
				GCC_WARN_ABOUT_RETURN_TYPE = YES_ERROR;
				GCC_WARN_UNDECLARED_SELECTOR = YES;
				GCC_WARN_UNINITIALIZED_AUTOS = YES_AGGRESSIVE;
				GCC_WARN_UNUSED_FUNCTION = YES;
				GCC_WARN_UNUSED_VARIABLE = YES;
				IPHONEOS_DEPLOYMENT_TARGET = 13.4;
				LOCALIZATION_PREFERS_STRING_CATALOGS = YES;
				MTL_ENABLE_DEBUG_INFO = NO;
				MTL_FAST_MATH = YES;
				SDKROOT = iphoneos;
				SWIFT_COMPILATION_MODE = wholemodule;
				VALIDATE_PRODUCT = YES;
			};
			name = Release;
		};
		E9718F262AD19E9700853947 /* Debug */ = {
			isa = XCBuildConfiguration;
			buildSettings = {
				ASSETCATALOG_COMPILER_APPICON_NAME = AppIcon;
				ASSETCATALOG_COMPILER_GLOBAL_ACCENT_COLOR_NAME = AccentColor;
				CODE_SIGN_STYLE = Automatic;
				CURRENT_PROJECT_VERSION = 1;
				DEVELOPMENT_TEAM = 3LKWW87KA9;
				ENABLE_USER_SCRIPT_SANDBOXING = NO;
				GENERATE_INFOPLIST_FILE = YES;
				INFOPLIST_FILE = "Tracker-ios/Resources/Info.plist";
				INFOPLIST_KEY_CFBundleDisplayName = "\U001bTracker";
				INFOPLIST_KEY_LSApplicationCategoryType = "public.app-category.productivity";
				INFOPLIST_KEY_UIApplicationSupportsIndirectInputEvents = YES;
				INFOPLIST_KEY_UILaunchStoryboardName = "";
				INFOPLIST_KEY_UIMainStoryboardFile = "";
				INFOPLIST_KEY_UIStatusBarStyle = "";
				INFOPLIST_KEY_UISupportedInterfaceOrientations = UIInterfaceOrientationPortrait;
				INFOPLIST_KEY_UISupportedInterfaceOrientations_iPad = "UIInterfaceOrientationLandscapeLeft UIInterfaceOrientationPortrait";
				IPHONEOS_DEPLOYMENT_TARGET = 13.4;
				LD_RUNPATH_SEARCH_PATHS = (
					"$(inherited)",
					"@executable_path/Frameworks",
				);
				MARKETING_VERSION = 1.0;
				PRODUCT_BUNDLE_IDENTIFIER = "ru.skemenov.Tracker-ios";
				PRODUCT_NAME = "$(TARGET_NAME)";
				SUPPORTED_PLATFORMS = "iphoneos iphonesimulator";
				SUPPORTS_MACCATALYST = NO;
				SUPPORTS_MAC_DESIGNED_FOR_IPHONE_IPAD = NO;
				SWIFT_EMIT_LOC_STRINGS = YES;
				SWIFT_VERSION = 5.0;
				TARGETED_DEVICE_FAMILY = 1;
			};
			name = Debug;
		};
		E9718F272AD19E9700853947 /* Release */ = {
			isa = XCBuildConfiguration;
			buildSettings = {
				ASSETCATALOG_COMPILER_APPICON_NAME = AppIcon;
				ASSETCATALOG_COMPILER_GLOBAL_ACCENT_COLOR_NAME = AccentColor;
				CODE_SIGN_STYLE = Automatic;
				CURRENT_PROJECT_VERSION = 1;
				DEVELOPMENT_TEAM = 3LKWW87KA9;
				ENABLE_USER_SCRIPT_SANDBOXING = NO;
				GENERATE_INFOPLIST_FILE = YES;
				INFOPLIST_FILE = "Tracker-ios/Resources/Info.plist";
				INFOPLIST_KEY_CFBundleDisplayName = "\U001bTracker";
				INFOPLIST_KEY_LSApplicationCategoryType = "public.app-category.productivity";
				INFOPLIST_KEY_UIApplicationSupportsIndirectInputEvents = YES;
				INFOPLIST_KEY_UILaunchStoryboardName = "";
				INFOPLIST_KEY_UIMainStoryboardFile = "";
				INFOPLIST_KEY_UIStatusBarStyle = "";
				INFOPLIST_KEY_UISupportedInterfaceOrientations = UIInterfaceOrientationPortrait;
				INFOPLIST_KEY_UISupportedInterfaceOrientations_iPad = "UIInterfaceOrientationLandscapeLeft UIInterfaceOrientationPortrait";
				IPHONEOS_DEPLOYMENT_TARGET = 13.4;
				LD_RUNPATH_SEARCH_PATHS = (
					"$(inherited)",
					"@executable_path/Frameworks",
				);
				MARKETING_VERSION = 1.0;
				PRODUCT_BUNDLE_IDENTIFIER = "ru.skemenov.Tracker-ios";
				PRODUCT_NAME = "$(TARGET_NAME)";
				SUPPORTED_PLATFORMS = "iphoneos iphonesimulator";
				SUPPORTS_MACCATALYST = NO;
				SUPPORTS_MAC_DESIGNED_FOR_IPHONE_IPAD = NO;
				SWIFT_EMIT_LOC_STRINGS = YES;
				SWIFT_VERSION = 5.0;
				TARGETED_DEVICE_FAMILY = 1;
			};
			name = Release;
		};
/* End XCBuildConfiguration section */

/* Begin XCConfigurationList section */
		E9718F0C2AD19E9400853947 /* Build configuration list for PBXProject "Tracker-ios" */ = {
			isa = XCConfigurationList;
			buildConfigurations = (
				E9718F232AD19E9700853947 /* Debug */,
				E9718F242AD19E9700853947 /* Release */,
			);
			defaultConfigurationIsVisible = 0;
			defaultConfigurationName = Release;
		};
		E9718F252AD19E9700853947 /* Build configuration list for PBXNativeTarget "Tracker-ios" */ = {
			isa = XCConfigurationList;
			buildConfigurations = (
				E9718F262AD19E9700853947 /* Debug */,
				E9718F272AD19E9700853947 /* Release */,
			);
			defaultConfigurationIsVisible = 0;
			defaultConfigurationName = Release;
		};
/* End XCConfigurationList section */

/* Begin XCVersionGroup section */
		E9804D3C2AF4C20A004E05D7 /* Tracker.xcdatamodeld */ = {
			isa = XCVersionGroup;
			children = (
				E9804D3D2AF4C20A004E05D7 /* Tracker.xcdatamodel */,
			);
			currentVersion = E9804D3D2AF4C20A004E05D7 /* Tracker.xcdatamodel */;
			path = Tracker.xcdatamodeld;
			sourceTree = "<group>";
			versionGroupType = wrapper.xcdatamodel;
		};
/* End XCVersionGroup section */
	};
	rootObject = E9718F092AD19E9400853947 /* Project object */;
}
